
Microsoft Visual Studio Solution File, Format Version 12.00
# Visual Studio Version 17
VisualStudioVersion = 17.6.33723.286
MinimumVisualStudioVersion = 10.0.40219.1
Project("{FAE04EC0-301F-11D3-BF4B-00C04F79EFBC}") = "AsunaLibrary", "AsunaLibrary\AsunaLibrary.csproj", "{802DCC55-D18C-4836-90FF-E2266E8DC24B}"
EndProject
Project("{FAE04EC0-301F-11D3-BF4B-00C04F79EFBC}") = "UnitTests", "UnitTests\UnitTests.csproj", "{310667C3-086E-4EFE-B77E-F704B787087E}"
EndProject
Global
	GlobalSection(SolutionConfigurationPlatforms) = preSolution
		Debug|Any CPU = Debug|Any CPU
		Release|Any CPU = Release|Any CPU
	EndGlobalSection
	GlobalSection(ProjectConfigurationPlatforms) = postSolution
		{802DCC55-D18C-4836-90FF-E2266E8DC24B}.Debug|Any CPU.ActiveCfg = Debug|Any CPU
		{802DCC55-D18C-4836-90FF-E2266E8DC24B}.Debug|Any CPU.Build.0 = Debug|Any CPU
		{802DCC55-D18C-4836-90FF-E2266E8DC24B}.Release|Any CPU.ActiveCfg = Release|Any CPU
		{802DCC55-D18C-4836-90FF-E2266E8DC24B}.Release|Any CPU.Build.0 = Release|Any CPU
		{310667C3-086E-4EFE-B77E-F704B787087E}.Debug|Any CPU.ActiveCfg = Debug|Any CPU
		{310667C3-086E-4EFE-B77E-F704B787087E}.Debug|Any CPU.Build.0 = Debug|Any CPU
		{310667C3-086E-4EFE-B77E-F704B787087E}.Release|Any CPU.ActiveCfg = Release|Any CPU
		{310667C3-086E-4EFE-B77E-F704B787087E}.Release|Any CPU.Build.0 = Release|Any CPU
	EndGlobalSection
	GlobalSection(SolutionProperties) = preSolution
		HideSolutionNode = FALSE
	EndGlobalSection
	GlobalSection(ExtensibilityGlobals) = postSolution
		SolutionGuid = {B6A8937C-64B2-4CEA-8860-6F0D723CD3BD}
	EndGlobalSection
EndGlobal
